
Microsoft Visual Studio Solution File, Format Version 12.00
# Visual Studio Version 16
VisualStudioVersion = 16.0.29519.87
MinimumVisualStudioVersion = 10.0.40219.1
Project("{FAE04EC0-301F-11D3-BF4B-00C04F79EFBC}") = "connection_C_and_SQL", "connection_C_and_SQL\connection_C_and_SQL.csproj", "{6C7C5AFA-FF66-46A3-B3FA-7330B6498859}"
EndProject
Global
	GlobalSection(SolutionConfigurationPlatforms) = preSolution
		Debug|Any CPU = Debug|Any CPU
		Release|Any CPU = Release|Any CPU
	EndGlobalSection
	GlobalSection(ProjectConfigurationPlatforms) = postSolution
		{6C7C5AFA-FF66-46A3-B3FA-7330B6498859}.Debug|Any CPU.ActiveCfg = Debug|Any CPU
		{6C7C5AFA-FF66-46A3-B3FA-7330B6498859}.Debug|Any CPU.Build.0 = Debug|Any CPU
		{6C7C5AFA-FF66-46A3-B3FA-7330B6498859}.Release|Any CPU.ActiveCfg = Release|Any CPU
		{6C7C5AFA-FF66-46A3-B3FA-7330B6498859}.Release|Any CPU.Build.0 = Release|Any CPU
	EndGlobalSection
	GlobalSection(SolutionProperties) = preSolution
		HideSolutionNode = FALSE
	EndGlobalSection
	GlobalSection(ExtensibilityGlobals) = postSolution
		SolutionGuid = {7AECE0A2-1E6E-4B5A-A828-FD42138A3AF5}
	EndGlobalSection
EndGlobal
